
Microsoft Visual Studio Solution File, Format Version 12.00
# Visual Studio 2015
Project("{FAE04EC0-301F-11D3-BF4B-00C04F79EFBC}") = "Mise En Abyme.CSharp", "Mise En Abyme.CSharp.csproj", "{4295BB5F-6058-FAC8-3C0B-E326DA9C0827}"
EndProject
Global
	GlobalSection(SolutionConfigurationPlatforms) = preSolution
		Debug|Any CPU = Debug|Any CPU
		Release|Any CPU = Release|Any CPU
	EndGlobalSection
	GlobalSection(ProjectConfigurationPlatforms) = postSolution
		{4295BB5F-6058-FAC8-3C0B-E326DA9C0827}.Debug|Any CPU.ActiveCfg = Debug|Any CPU
		{4295BB5F-6058-FAC8-3C0B-E326DA9C0827}.Debug|Any CPU.Build.0 = Debug|Any CPU
		{4295BB5F-6058-FAC8-3C0B-E326DA9C0827}.Release|Any CPU.ActiveCfg = Release|Any CPU
		{4295BB5F-6058-FAC8-3C0B-E326DA9C0827}.Release|Any CPU.Build.0 = Release|Any CPU
	EndGlobalSection
	GlobalSection(SolutionProperties) = preSolution
		HideSolutionNode = FALSE
	EndGlobalSection
EndGlobal
